// !$*UTF8*$!
{
	archiveVersion = 1;
	classes = {
	};
	objectVersion = 55;
	objects = {

/* Begin PBXBuildFile section */
		D8155E2328D0A77A00497CD0 /* AppDelegate.swift in Sources */ = {isa = PBXBuildFile; fileRef = D8155E2228D0A77A00497CD0 /* AppDelegate.swift */; };
		D8155E2528D0A77A00497CD0 /* SceneDelegate.swift in Sources */ = {isa = PBXBuildFile; fileRef = D8155E2428D0A77A00497CD0 /* SceneDelegate.swift */; };
		D8155E2A28D0A77A00497CD0 /* Main.storyboard in Resources */ = {isa = PBXBuildFile; fileRef = D8155E2828D0A77A00497CD0 /* Main.storyboard */; };
		D8155E2C28D0A77B00497CD0 /* Assets.xcassets in Resources */ = {isa = PBXBuildFile; fileRef = D8155E2B28D0A77B00497CD0 /* Assets.xcassets */; };
		D8155E2F28D0A77B00497CD0 /* LaunchScreen.storyboard in Resources */ = {isa = PBXBuildFile; fileRef = D8155E2D28D0A77B00497CD0 /* LaunchScreen.storyboard */; };
		D8155E3728D0AE4900497CD0 /* CitiesWeatherViewController.swift in Sources */ = {isa = PBXBuildFile; fileRef = D8155E3628D0AE4900497CD0 /* CitiesWeatherViewController.swift */; };
		D8155E3928D0B07400497CD0 /* CitiesInformationTableViewCell.swift in Sources */ = {isa = PBXBuildFile; fileRef = D8155E3828D0B07400497CD0 /* CitiesInformationTableViewCell.swift */; };
		D8155E3B28D0B10000497CD0 /* CitesAPI.swift in Sources */ = {isa = PBXBuildFile; fileRef = D8155E3A28D0B10000497CD0 /* CitesAPI.swift */; };
		D8155E3D28D0C13100497CD0 /* CitiesContentsViewController.swift in Sources */ = {isa = PBXBuildFile; fileRef = D8155E3C28D0C13100497CD0 /* CitiesContentsViewController.swift */; };
		D8155E4128D0C95200497CD0 /* CitiesContesntsAPI.swift in Sources */ = {isa = PBXBuildFile; fileRef = D8155E4028D0C95200497CD0 /* CitiesContesntsAPI.swift */; };
		D8155E4328D0D5D600497CD0 /* WeatherAPI.swift in Sources */ = {isa = PBXBuildFile; fileRef = D8155E4228D0D5D600497CD0 /* WeatherAPI.swift */; };
		D8B0B6ED28D1981800322645 /* CacheData.swift in Sources */ = {isa = PBXBuildFile; fileRef = D8B0B6EC28D1981800322645 /* CacheData.swift */; };
		D8B0B6F128D1A59300322645 /* StringTransform.swift in Sources */ = {isa = PBXBuildFile; fileRef = D8B0B6F028D1A59300322645 /* StringTransform.swift */; };
/* End PBXBuildFile section */

/* Begin PBXFileReference section */
		D8155E1F28D0A77A00497CD0 /* wanted_pre_onboarding.app */ = {isa = PBXFileReference; explicitFileType = wrapper.application; includeInIndex = 0; path = wanted_pre_onboarding.app; sourceTree = BUILT_PRODUCTS_DIR; };
		D8155E2228D0A77A00497CD0 /* AppDelegate.swift */ = {isa = PBXFileReference; lastKnownFileType = sourcecode.swift; path = AppDelegate.swift; sourceTree = "<group>"; };
		D8155E2428D0A77A00497CD0 /* SceneDelegate.swift */ = {isa = PBXFileReference; lastKnownFileType = sourcecode.swift; path = SceneDelegate.swift; sourceTree = "<group>"; };
		D8155E2928D0A77A00497CD0 /* Base */ = {isa = PBXFileReference; lastKnownFileType = file.storyboard; name = Base; path = Base.lproj/Main.storyboard; sourceTree = "<group>"; };
		D8155E2B28D0A77B00497CD0 /* Assets.xcassets */ = {isa = PBXFileReference; lastKnownFileType = folder.assetcatalog; path = Assets.xcassets; sourceTree = "<group>"; };
		D8155E2E28D0A77B00497CD0 /* Base */ = {isa = PBXFileReference; lastKnownFileType = file.storyboard; name = Base; path = Base.lproj/LaunchScreen.storyboard; sourceTree = "<group>"; };
		D8155E3028D0A77B00497CD0 /* Info.plist */ = {isa = PBXFileReference; lastKnownFileType = text.plist.xml; path = Info.plist; sourceTree = "<group>"; };
		D8155E3628D0AE4900497CD0 /* CitiesWeatherViewController.swift */ = {isa = PBXFileReference; lastKnownFileType = sourcecode.swift; path = CitiesWeatherViewController.swift; sourceTree = "<group>"; };
		D8155E3828D0B07400497CD0 /* CitiesInformationTableViewCell.swift */ = {isa = PBXFileReference; lastKnownFileType = sourcecode.swift; path = CitiesInformationTableViewCell.swift; sourceTree = "<group>"; };
		D8155E3A28D0B10000497CD0 /* CitesAPI.swift */ = {isa = PBXFileReference; lastKnownFileType = sourcecode.swift; path = CitesAPI.swift; sourceTree = "<group>"; };
		D8155E3C28D0C13100497CD0 /* CitiesContentsViewController.swift */ = {isa = PBXFileReference; lastKnownFileType = sourcecode.swift; path = CitiesContentsViewController.swift; sourceTree = "<group>"; };
		D8155E4028D0C95200497CD0 /* CitiesContesntsAPI.swift */ = {isa = PBXFileReference; lastKnownFileType = sourcecode.swift; path = CitiesContesntsAPI.swift; sourceTree = "<group>"; };
		D8155E4228D0D5D600497CD0 /* WeatherAPI.swift */ = {isa = PBXFileReference; lastKnownFileType = sourcecode.swift; path = WeatherAPI.swift; sourceTree = "<group>"; };
		D8B0B6EC28D1981800322645 /* CacheData.swift */ = {isa = PBXFileReference; lastKnownFileType = sourcecode.swift; path = CacheData.swift; sourceTree = "<group>"; };
		D8B0B6F028D1A59300322645 /* StringTransform.swift */ = {isa = PBXFileReference; lastKnownFileType = sourcecode.swift; path = StringTransform.swift; sourceTree = "<group>"; };
/* End PBXFileReference section */

/* Begin PBXFrameworksBuildPhase section */
		D8155E1C28D0A77A00497CD0 /* Frameworks */ = {
			isa = PBXFrameworksBuildPhase;
			buildActionMask = 2147483647;
			files = (
			);
			runOnlyForDeploymentPostprocessing = 0;
		};
/* End PBXFrameworksBuildPhase section */

/* Begin PBXGroup section */
		D8155E1628D0A77A00497CD0 = {
			isa = PBXGroup;
			children = (
				D8155E2128D0A77A00497CD0 /* wanted_pre_onboarding */,
				D8155E2028D0A77A00497CD0 /* Products */,
			);
			sourceTree = "<group>";
		};
		D8155E2028D0A77A00497CD0 /* Products */ = {
			isa = PBXGroup;
			children = (
				D8155E1F28D0A77A00497CD0 /* wanted_pre_onboarding.app */,
			);
			name = Products;
			sourceTree = "<group>";
		};
		D8155E2128D0A77A00497CD0 /* wanted_pre_onboarding */ = {
			isa = PBXGroup;
			children = (
				D8B0B6EE28D19F6800322645 /* FirstView */,
				D8B0B6EF28D19F9B00322645 /* SecondVIew */,
				D8155E2228D0A77A00497CD0 /* AppDelegate.swift */,
				D8155E2428D0A77A00497CD0 /* SceneDelegate.swift */,
				D8155E2B28D0A77B00497CD0 /* Assets.xcassets */,
				D8155E2828D0A77A00497CD0 /* Main.storyboard */,
				D8155E2D28D0A77B00497CD0 /* LaunchScreen.storyboard */,
				D8155E3028D0A77B00497CD0 /* Info.plist */,
			);
			path = wanted_pre_onboarding;
			sourceTree = "<group>";
		};
		D8B0B6EE28D19F6800322645 /* FirstView */ = {
			isa = PBXGroup;
			children = (
				D8155E3628D0AE4900497CD0 /* CitiesWeatherViewController.swift */,
				D8155E3828D0B07400497CD0 /* CitiesInformationTableViewCell.swift */,
				D8B0B6EC28D1981800322645 /* CacheData.swift */,
				D8155E3A28D0B10000497CD0 /* CitesAPI.swift */,
				D8B0B6F028D1A59300322645 /* StringTransform.swift */,
			);
			path = FirstView;
			sourceTree = "<group>";
		};
		D8B0B6EF28D19F9B00322645 /* SecondVIew */ = {
			isa = PBXGroup;
			children = (
				D8155E3C28D0C13100497CD0 /* CitiesContentsViewController.swift */,
				D8155E4028D0C95200497CD0 /* CitiesContesntsAPI.swift */,
				D8155E4228D0D5D600497CD0 /* WeatherAPI.swift */,
			);
			path = SecondVIew;
			sourceTree = "<group>";
		};
/* End PBXGroup section */

/* Begin PBXNativeTarget section */
		D8155E1E28D0A77A00497CD0 /* wanted_pre_onboarding */ = {
			isa = PBXNativeTarget;
			buildConfigurationList = D8155E3328D0A77B00497CD0 /* Build configuration list for PBXNativeTarget "wanted_pre_onboarding" */;
			buildPhases = (
				D8155E1B28D0A77A00497CD0 /* Sources */,
				D8155E1C28D0A77A00497CD0 /* Frameworks */,
				D8155E1D28D0A77A00497CD0 /* Resources */,
			);
			buildRules = (
			);
			dependencies = (
			);
			name = wanted_pre_onboarding;
			productName = wanted_pre_onboarding;
			productReference = D8155E1F28D0A77A00497CD0 /* wanted_pre_onboarding.app */;
			productType = "com.apple.product-type.application";
		};
/* End PBXNativeTarget section */

/* Begin PBXProject section */
		D8155E1728D0A77A00497CD0 /* Project object */ = {
			isa = PBXProject;
			attributes = {
				BuildIndependentTargetsInParallel = 1;
				LastSwiftUpdateCheck = 1330;
				LastUpgradeCheck = 1330;
				TargetAttributes = {
					D8155E1E28D0A77A00497CD0 = {
						CreatedOnToolsVersion = 13.3;
					};
				};
			};
			buildConfigurationList = D8155E1A28D0A77A00497CD0 /* Build configuration list for PBXProject "wanted_pre_onboarding" */;
			compatibilityVersion = "Xcode 13.0";
			developmentRegion = en;
			hasScannedForEncodings = 0;
			knownRegions = (
				en,
				Base,
			);
			mainGroup = D8155E1628D0A77A00497CD0;
			productRefGroup = D8155E2028D0A77A00497CD0 /* Products */;
			projectDirPath = "";
			projectRoot = "";
			targets = (
				D8155E1E28D0A77A00497CD0 /* wanted_pre_onboarding */,
			);
		};
/* End PBXProject section */

/* Begin PBXResourcesBuildPhase section */
		D8155E1D28D0A77A00497CD0 /* Resources */ = {
			isa = PBXResourcesBuildPhase;
			buildActionMask = 2147483647;
			files = (
				D8155E2F28D0A77B00497CD0 /* LaunchScreen.storyboard in Resources */,
				D8155E2C28D0A77B00497CD0 /* Assets.xcassets in Resources */,
				D8155E2A28D0A77A00497CD0 /* Main.storyboard in Resources */,
			);
			runOnlyForDeploymentPostprocessing = 0;
		};
/* End PBXResourcesBuildPhase section */

/* Begin PBXSourcesBuildPhase section */
		D8155E1B28D0A77A00497CD0 /* Sources */ = {
			isa = PBXSourcesBuildPhase;
			buildActionMask = 2147483647;
			files = (
				D8155E3728D0AE4900497CD0 /* CitiesWeatherViewController.swift in Sources */,
				D8155E4128D0C95200497CD0 /* CitiesContesntsAPI.swift in Sources */,
				D8155E3D28D0C13100497CD0 /* CitiesContentsViewController.swift in Sources */,
				D8155E2328D0A77A00497CD0 /* AppDelegate.swift in Sources */,
				D8155E3B28D0B10000497CD0 /* CitesAPI.swift in Sources */,
				D8155E4328D0D5D600497CD0 /* WeatherAPI.swift in Sources */,
				D8B0B6ED28D1981800322645 /* CacheData.swift in Sources */,
				D8155E2528D0A77A00497CD0 /* SceneDelegate.swift in Sources */,
				D8155E3928D0B07400497CD0 /* CitiesInformationTableViewCell.swift in Sources */,
				D8B0B6F128D1A59300322645 /* StringTransform.swift in Sources */,
			);
			runOnlyForDeploymentPostprocessing = 0;
		};
/* End PBXSourcesBuildPhase section */

/* Begin PBXVariantGroup section */
		D8155E2828D0A77A00497CD0 /* Main.storyboard */ = {
			isa = PBXVariantGroup;
			children = (
				D8155E2928D0A77A00497CD0 /* Base */,
			);
			name = Main.storyboard;
			sourceTree = "<group>";
		};
		D8155E2D28D0A77B00497CD0 /* LaunchScreen.storyboard */ = {
			isa = PBXVariantGroup;
			children = (
				D8155E2E28D0A77B00497CD0 /* Base */,
			);
			name = LaunchScreen.storyboard;
			sourceTree = "<group>";
		};
/* End PBXVariantGroup section */

/* Begin XCBuildConfiguration section */
		D8155E3128D0A77B00497CD0 /* Debug */ = {
			isa = XCBuildConfiguration;
			buildSettings = {
				ALWAYS_SEARCH_USER_PATHS = NO;
				CLANG_ANALYZER_NONNULL = YES;
				CLANG_ANALYZER_NUMBER_OBJECT_CONVERSION = YES_AGGRESSIVE;
				CLANG_CXX_LANGUAGE_STANDARD = "gnu++17";
				CLANG_ENABLE_MODULES = YES;
				CLANG_ENABLE_OBJC_ARC = YES;
				CLANG_ENABLE_OBJC_WEAK = YES;
				CLANG_WARN_BLOCK_CAPTURE_AUTORELEASING = YES;
				CLANG_WARN_BOOL_CONVERSION = YES;
				CLANG_WARN_COMMA = YES;
				CLANG_WARN_CONSTANT_CONVERSION = YES;
				CLANG_WARN_DEPRECATED_OBJC_IMPLEMENTATIONS = YES;
				CLANG_WARN_DIRECT_OBJC_ISA_USAGE = YES_ERROR;
				CLANG_WARN_DOCUMENTATION_COMMENTS = YES;
				CLANG_WARN_EMPTY_BODY = YES;
				CLANG_WARN_ENUM_CONVERSION = YES;
				CLANG_WARN_INFINITE_RECURSION = YES;
				CLANG_WARN_INT_CONVERSION = YES;
				CLANG_WARN_NON_LITERAL_NULL_CONVERSION = YES;
				CLANG_WARN_OBJC_IMPLICIT_RETAIN_SELF = YES;
				CLANG_WARN_OBJC_LITERAL_CONVERSION = YES;
				CLANG_WARN_OBJC_ROOT_CLASS = YES_ERROR;
				CLANG_WARN_QUOTED_INCLUDE_IN_FRAMEWORK_HEADER = YES;
				CLANG_WARN_RANGE_LOOP_ANALYSIS = YES;
				CLANG_WARN_STRICT_PROTOTYPES = YES;
				CLANG_WARN_SUSPICIOUS_MOVE = YES;
				CLANG_WARN_UNGUARDED_AVAILABILITY = YES_AGGRESSIVE;
				CLANG_WARN_UNREACHABLE_CODE = YES;
				CLANG_WARN__DUPLICATE_METHOD_MATCH = YES;
				COPY_PHASE_STRIP = NO;
				DEBUG_INFORMATION_FORMAT = dwarf;
				ENABLE_STRICT_OBJC_MSGSEND = YES;
				ENABLE_TESTABILITY = YES;
				GCC_C_LANGUAGE_STANDARD = gnu11;
				GCC_DYNAMIC_NO_PIC = NO;
				GCC_NO_COMMON_BLOCKS = YES;
				GCC_OPTIMIZATION_LEVEL = 0;
				GCC_PREPROCESSOR_DEFINITIONS = (
					"DEBUG=1",
					"$(inherited)",
				);
				GCC_WARN_64_TO_32_BIT_CONVERSION = YES;
				GCC_WARN_ABOUT_RETURN_TYPE = YES_ERROR;
				GCC_WARN_UNDECLARED_SELECTOR = YES;
				GCC_WARN_UNINITIALIZED_AUTOS = YES_AGGRESSIVE;
				GCC_WARN_UNUSED_FUNCTION = YES;
				GCC_WARN_UNUSED_VARIABLE = YES;
				IPHONEOS_DEPLOYMENT_TARGET = 15.4;
				MTL_ENABLE_DEBUG_INFO = INCLUDE_SOURCE;
				MTL_FAST_MATH = YES;
				ONLY_ACTIVE_ARCH = YES;
				SDKROOT = iphoneos;
				SWIFT_ACTIVE_COMPILATION_CONDITIONS = DEBUG;
				SWIFT_OPTIMIZATION_LEVEL = "-Onone";
			};
			name = Debug;
		};
		D8155E3228D0A77B00497CD0 /* Release */ = {
			isa = XCBuildConfiguration;
			buildSettings = {
				ALWAYS_SEARCH_USER_PATHS = NO;
				CLANG_ANALYZER_NONNULL = YES;
				CLANG_ANALYZER_NUMBER_OBJECT_CONVERSION = YES_AGGRESSIVE;
				CLANG_CXX_LANGUAGE_STANDARD = "gnu++17";
				CLANG_ENABLE_MODULES = YES;
				CLANG_ENABLE_OBJC_ARC = YES;
				CLANG_ENABLE_OBJC_WEAK = YES;
				CLANG_WARN_BLOCK_CAPTURE_AUTORELEASING = YES;
				CLANG_WARN_BOOL_CONVERSION = YES;
				CLANG_WARN_COMMA = YES;
				CLANG_WARN_CONSTANT_CONVERSION = YES;
				CLANG_WARN_DEPRECATED_OBJC_IMPLEMENTATIONS = YES;
				CLANG_WARN_DIRECT_OBJC_ISA_USAGE = YES_ERROR;
				CLANG_WARN_DOCUMENTATION_COMMENTS = YES;
				CLANG_WARN_EMPTY_BODY = YES;
				CLANG_WARN_ENUM_CONVERSION = YES;
				CLANG_WARN_INFINITE_RECURSION = YES;
				CLANG_WARN_INT_CONVERSION = YES;
				CLANG_WARN_NON_LITERAL_NULL_CONVERSION = YES;
				CLANG_WARN_OBJC_IMPLICIT_RETAIN_SELF = YES;
				CLANG_WARN_OBJC_LITERAL_CONVERSION = YES;
				CLANG_WARN_OBJC_ROOT_CLASS = YES_ERROR;
				CLANG_WARN_QUOTED_INCLUDE_IN_FRAMEWORK_HEADER = YES;
				CLANG_WARN_RANGE_LOOP_ANALYSIS = YES;
				CLANG_WARN_STRICT_PROTOTYPES = YES;
				CLANG_WARN_SUSPICIOUS_MOVE = YES;
				CLANG_WARN_UNGUARDED_AVAILABILITY = YES_AGGRESSIVE;
				CLANG_WARN_UNREACHABLE_CODE = YES;
				CLANG_WARN__DUPLICATE_METHOD_MATCH = YES;
				COPY_PHASE_STRIP = NO;
				DEBUG_INFORMATION_FORMAT = "dwarf-with-dsym";
				ENABLE_NS_ASSERTIONS = NO;
				ENABLE_STRICT_OBJC_MSGSEND = YES;
				GCC_C_LANGUAGE_STANDARD = gnu11;
				GCC_NO_COMMON_BLOCKS = YES;
				GCC_WARN_64_TO_32_BIT_CONVERSION = YES;
				GCC_WARN_ABOUT_RETURN_TYPE = YES_ERROR;
				GCC_WARN_UNDECLARED_SELECTOR = YES;
				GCC_WARN_UNINITIALIZED_AUTOS = YES_AGGRESSIVE;
				GCC_WARN_UNUSED_FUNCTION = YES;
				GCC_WARN_UNUSED_VARIABLE = YES;
				IPHONEOS_DEPLOYMENT_TARGET = 15.4;
				MTL_ENABLE_DEBUG_INFO = NO;
				MTL_FAST_MATH = YES;
				SDKROOT = iphoneos;
				SWIFT_COMPILATION_MODE = wholemodule;
				SWIFT_OPTIMIZATION_LEVEL = "-O";
				VALIDATE_PRODUCT = YES;
			};
			name = Release;
		};
		D8155E3428D0A77B00497CD0 /* Debug */ = {
			isa = XCBuildConfiguration;
			buildSettings = {
				ASSETCATALOG_COMPILER_APPICON_NAME = AppIcon;
				ASSETCATALOG_COMPILER_GLOBAL_ACCENT_COLOR_NAME = AccentColor;
				CODE_SIGN_STYLE = Automatic;
				CURRENT_PROJECT_VERSION = 1;
				DEVELOPMENT_TEAM = 69T5P6ASGW;
				GENERATE_INFOPLIST_FILE = YES;
				INFOPLIST_FILE = wanted_pre_onboarding/Info.plist;
				INFOPLIST_KEY_UIApplicationSupportsIndirectInputEvents = YES;
				INFOPLIST_KEY_UILaunchStoryboardName = LaunchScreen;
				INFOPLIST_KEY_UIMainStoryboardFile = Main;
				INFOPLIST_KEY_UISupportedInterfaceOrientations_iPad = "UIInterfaceOrientationPortrait UIInterfaceOrientationPortraitUpsideDown UIInterfaceOrientationLandscapeLeft UIInterfaceOrientationLandscapeRight";
				INFOPLIST_KEY_UISupportedInterfaceOrientations_iPhone = "UIInterfaceOrientationPortrait UIInterfaceOrientationLandscapeLeft UIInterfaceOrientationLandscapeRight";
				IPHONEOS_DEPLOYMENT_TARGET = 15.0;
				LD_RUNPATH_SEARCH_PATHS = (
					"$(inherited)",
					"@executable_path/Frameworks",
				);
				MARKETING_VERSION = 1.0;
				PRODUCT_BUNDLE_IDENTIFIER = "kr.co.honge.wanted-pre-onboarding";
				PRODUCT_NAME = "$(TARGET_NAME)";
				SWIFT_EMIT_LOC_STRINGS = YES;
				SWIFT_VERSION = 5.0;
				TARGETED_DEVICE_FAMILY = "1,2";
			};
			name = Debug;
		};
		D8155E3528D0A77B00497CD0 /* Release */ = {
			isa = XCBuildConfiguration;
			buildSettings = {
				ASSETCATALOG_COMPILER_APPICON_NAME = AppIcon;
				ASSETCATALOG_COMPILER_GLOBAL_ACCENT_COLOR_NAME = AccentColor;
				CODE_SIGN_STYLE = Automatic;
				CURRENT_PROJECT_VERSION = 1;
				DEVELOPMENT_TEAM = 69T5P6ASGW;
				GENERATE_INFOPLIST_FILE = YES;
				INFOPLIST_FILE = wanted_pre_onboarding/Info.plist;
				INFOPLIST_KEY_UIApplicationSupportsIndirectInputEvents = YES;
				INFOPLIST_KEY_UILaunchStoryboardName = LaunchScreen;
				INFOPLIST_KEY_UIMainStoryboardFile = Main;
				INFOPLIST_KEY_UISupportedInterfaceOrientations_iPad = "UIInterfaceOrientationPortrait UIInterfaceOrientationPortraitUpsideDown UIInterfaceOrientationLandscapeLeft UIInterfaceOrientationLandscapeRight";
				INFOPLIST_KEY_UISupportedInterfaceOrientations_iPhone = "UIInterfaceOrientationPortrait UIInterfaceOrientationLandscapeLeft UIInterfaceOrientationLandscapeRight";
				IPHONEOS_DEPLOYMENT_TARGET = 15.0;
				LD_RUNPATH_SEARCH_PATHS = (
					"$(inherited)",
					"@executable_path/Frameworks",
				);
				MARKETING_VERSION = 1.0;
				PRODUCT_BUNDLE_IDENTIFIER = "kr.co.honge.wanted-pre-onboarding";
				PRODUCT_NAME = "$(TARGET_NAME)";
				SWIFT_EMIT_LOC_STRINGS = YES;
				SWIFT_VERSION = 5.0;
				TARGETED_DEVICE_FAMILY = "1,2";
			};
			name = Release;
		};
/* End XCBuildConfiguration section */

/* Begin XCConfigurationList section */
		D8155E1A28D0A77A00497CD0 /* Build configuration list for PBXProject "wanted_pre_onboarding" */ = {
			isa = XCConfigurationList;
			buildConfigurations = (
				D8155E3128D0A77B00497CD0 /* Debug */,
				D8155E3228D0A77B00497CD0 /* Release */,
			);
			defaultConfigurationIsVisible = 0;
			defaultConfigurationName = Release;
		};
		D8155E3328D0A77B00497CD0 /* Build configuration list for PBXNativeTarget "wanted_pre_onboarding" */ = {
			isa = XCConfigurationList;
			buildConfigurations = (
				D8155E3428D0A77B00497CD0 /* Debug */,
				D8155E3528D0A77B00497CD0 /* Release */,
			);
			defaultConfigurationIsVisible = 0;
			defaultConfigurationName = Release;
		};
/* End XCConfigurationList section */
	};
	rootObject = D8155E1728D0A77A00497CD0 /* Project object */;
}
